
Microsoft Visual Studio Solution File, Format Version 12.00
# Visual Studio Version 16
VisualStudioVersion = 16.0.29613.14
MinimumVisualStudioVersion = 10.0.40219.1
Project("{FAE04EC0-301F-11D3-BF4B-00C04F79EFBC}") = "MyLeasing.Common", "MyLeasing.Common\MyLeasing.Common.csproj", "{38E9CC9B-D393-46C6-98EB-3EC25939CDD7}"
EndProject
Project("{FAE04EC0-301F-11D3-BF4B-00C04F79EFBC}") = "MyLeasing.Web", "MyLeasing.Web\MyLeasing.Web.csproj", "{51FE1183-1838-4E53-9464-D0F44DAC8925}"
EndProject
Global
	GlobalSection(SolutionConfigurationPlatforms) = preSolution
		Debug|Any CPU = Debug|Any CPU
		Release|Any CPU = Release|Any CPU
	EndGlobalSection
	GlobalSection(ProjectConfigurationPlatforms) = postSolution
		{38E9CC9B-D393-46C6-98EB-3EC25939CDD7}.Debug|Any CPU.ActiveCfg = Debug|Any CPU
		{38E9CC9B-D393-46C6-98EB-3EC25939CDD7}.Debug|Any CPU.Build.0 = Debug|Any CPU
		{38E9CC9B-D393-46C6-98EB-3EC25939CDD7}.Release|Any CPU.ActiveCfg = Release|Any CPU
		{38E9CC9B-D393-46C6-98EB-3EC25939CDD7}.Release|Any CPU.Build.0 = Release|Any CPU
		{51FE1183-1838-4E53-9464-D0F44DAC8925}.Debug|Any CPU.ActiveCfg = Debug|Any CPU
		{51FE1183-1838-4E53-9464-D0F44DAC8925}.Debug|Any CPU.Build.0 = Debug|Any CPU
		{51FE1183-1838-4E53-9464-D0F44DAC8925}.Release|Any CPU.ActiveCfg = Release|Any CPU
		{51FE1183-1838-4E53-9464-D0F44DAC8925}.Release|Any CPU.Build.0 = Release|Any CPU
	EndGlobalSection
	GlobalSection(SolutionProperties) = preSolution
		HideSolutionNode = FALSE
	EndGlobalSection
	GlobalSection(ExtensibilityGlobals) = postSolution
		SolutionGuid = {215E6415-196B-4FAF-BC56-B4C3EC230E45}
	EndGlobalSection
EndGlobal
